
Microsoft Visual Studio Solution File, Format Version 12.00
# Visual Studio Version 17
VisualStudioVersion = 17.6.33829.357
MinimumVisualStudioVersion = 10.0.40219.1
Project("{9A19103F-16F7-4668-BE54-9A1E7A4F7556}") = "Task13.6.2", "ModuleApp13\Task13.6.2.csproj", "{088A44A4-4F05-4C53-A96C-D566E3E40B98}"
EndProject
Project("{FAE04EC0-301F-11D3-BF4B-00C04F79EFBC}") = "Task13.6.1", "Task13.6.1\Task13.6.1.csproj", "{1024E6DF-FC17-477F-92F8-B82277C2A96F}"
EndProject
Global
	GlobalSection(SolutionConfigurationPlatforms) = preSolution
		Debug|Any CPU = Debug|Any CPU
		Release|Any CPU = Release|Any CPU
	EndGlobalSection
	GlobalSection(ProjectConfigurationPlatforms) = postSolution
		{088A44A4-4F05-4C53-A96C-D566E3E40B98}.Debug|Any CPU.ActiveCfg = Debug|Any CPU
		{088A44A4-4F05-4C53-A96C-D566E3E40B98}.Debug|Any CPU.Build.0 = Debug|Any CPU
		{088A44A4-4F05-4C53-A96C-D566E3E40B98}.Release|Any CPU.ActiveCfg = Release|Any CPU
		{088A44A4-4F05-4C53-A96C-D566E3E40B98}.Release|Any CPU.Build.0 = Release|Any CPU
		{1024E6DF-FC17-477F-92F8-B82277C2A96F}.Debug|Any CPU.ActiveCfg = Debug|Any CPU
		{1024E6DF-FC17-477F-92F8-B82277C2A96F}.Debug|Any CPU.Build.0 = Debug|Any CPU
		{1024E6DF-FC17-477F-92F8-B82277C2A96F}.Release|Any CPU.ActiveCfg = Release|Any CPU
		{1024E6DF-FC17-477F-92F8-B82277C2A96F}.Release|Any CPU.Build.0 = Release|Any CPU
	EndGlobalSection
	GlobalSection(SolutionProperties) = preSolution
		HideSolutionNode = FALSE
	EndGlobalSection
	GlobalSection(ExtensibilityGlobals) = postSolution
		SolutionGuid = {03F8330E-29A2-470F-B718-CC5CEAFC79E4}
	EndGlobalSection
EndGlobal
